<?xml version="1.0" encoding="utf-8"?>
<Project ToolsVersion="4.0" xmlns="http://schemas.microsoft.com/developer/msbuild/2003">
  <ItemGroup>
    <Filter Include="ソース ファイル">
      <UniqueIdentifier>{4FC737F1-C7A5-4376-A066-2A32D752A2FF}</UniqueIdentifier>
      <Extensions>cpp;c;cc;cxx;c++;cppm;ixx;def;odl;idl;hpj;bat;asm;asmx</Extensions>
    </Filter>
    <Filter Include="ヘッダー ファイル">
      <UniqueIdentifier>{93995380-89BD-4b04-88EB-625FBE52EBFB}</UniqueIdentifier>
      <Extensions>h;hh;hpp;hxx;h++;hm;inl;inc;ipp;xsd</Extensions>
    </Filter>
    <Filter Include="リソース ファイル">
      <UniqueIdentifier>{67DA6AB6-F800-4c08-8B7A-83BB121AAD01}</UniqueIdentifier>
      <Extensions>rc;ico;cur;bmp;dlg;rc2;rct;bin;rgs;gif;jpg;jpeg;jpe;resx;tiff;tif;png;wav;mfcribbon-ms</Extensions>
    </Filter>
  </ItemGroup>
  <ItemGroup>
    <ClCompile Include="Src\main.cpp">
      <Filter>ソース ファイル</Filter>
    </ClCompile>
    <ClCompile Include="Src\Actor\ActorManager.cpp">
      <Filter>リソース ファイル</Filter>
    </ClCompile>
    <ClCompile Include="Src\Actor\AnimationMesh.cpp">
      <Filter>リソース ファイル</Filter>
    </ClCompile>
    <ClCompile Include="Src\Actor\Actor.cpp">
      <Filter>リソース ファイル</Filter>
    </ClCompile>
    <ClCompile Include="Src\Camera\Camera.cpp">
      <Filter>リソース ファイル</Filter>
    </ClCompile>
    <ClCompile Include="Src\Camera\CameraBirdsEye.cpp">
      <Filter>リソース ファイル</Filter>
    </ClCompile>
    <ClCompile Include="Src\Camera\CameraFixedPoint.cpp">
      <Filter>リソース ファイル</Filter>
    </ClCompile>
    <ClCompile Include="Src\Camera\CameraFPS.cpp">
      <Filter>リソース ファイル</Filter>
    </ClCompile>
    <ClCompile Include="Src\Camera\CameraRotateAround.cpp">
      <Filter>リソース ファイル</Filter>
    </ClCompile>
    <ClCompile Include="Src\Camera\CameraTPS.cpp">
      <Filter>リソース ファイル</Filter>
    </ClCompile>
    <ClCompile Include="Src\Collision\BoundingSphere.cpp">
      <Filter>リソース ファイル</Filter>
    </ClCompile>
    <ClCompile Include="Src\Collision\AttackCollider.cpp">
      <Filter>リソース ファイル</Filter>
    </ClCompile>
    <ClCompile Include="Src\Common\CSVReader.cpp">
      <Filter>リソース ファイル</Filter>
    </ClCompile>
    <ClCompile Include="Src\Common\NumberTexture.cpp">
      <Filter>リソース ファイル</Filter>
    </ClCompile>
    <ClCompile Include="Src\Field\Field.cpp">
      <Filter>リソース ファイル</Filter>
    </ClCompile>
    <ClCompile Include="Src\Player\Player.cpp">
      <Filter>リソース ファイル</Filter>
    </ClCompile>
    <ClCompile Include="Src\PlayerBullet\PlayerBullet.cpp">
      <Filter>リソース ファイル</Filter>
    </ClCompile>
    <ClCompile Include="Src\Rendering\Light.cpp">
      <Filter>リソース ファイル</Filter>
    </ClCompile>
    <ClCompile Include="Src\Scene\GamePlayScene.cpp">
      <Filter>リソース ファイル</Filter>
    </ClCompile>
    <ClCompile Include="Src\Scene\SceneManager.cpp">
      <Filter>リソース ファイル</Filter>
    </ClCompile>
    <ClCompile Include="Src\Scene\TitleScene.cpp">
      <Filter>リソース ファイル</Filter>
    </ClCompile>
    <ClCompile Include="Src\World\World.cpp">
      <Filter>リソース ファイル</Filter>
    </ClCompile>
    <ClCompile Include="Src\Player\PlayerState.cpp">
      <Filter>ソース ファイル</Filter>
    </ClCompile>
    <ClCompile Include="Src\Collision\BasicAttackCollider.cpp">
      <Filter>ソース ファイル</Filter>
    </ClCompile>
    <ClCompile Include="Src\PlayerBullet\BeamMagnumBullet.cpp">
      <Filter>ソース ファイル</Filter>
    </ClCompile>
    <ClCompile Include="Src\PlayerBullet\bazookaBullet.cpp">
      <Filter>ソース ファイル</Filter>
    </ClCompile>
    <ClCompile Include="Src\PlayerBullet\DamageRange.cpp">
      <Filter>ソース ファイル</Filter>
    </ClCompile>
    <ClCompile Include="Src\Gun\GunControl.cpp">
      <Filter>ソース ファイル</Filter>
    </ClCompile>
    <ClCompile Include="Src\Gun\BeamGun.cpp">
      <Filter>ソース ファイル</Filter>
    </ClCompile>
    <ClCompile Include="Src\Gun\BeamMagnum.cpp">
      <Filter>ソース ファイル</Filter>
    </ClCompile>
    <ClCompile Include="Src\Gun\Bazooka.cpp">
      <Filter>ソース ファイル</Filter>
    </ClCompile>
    <ClCompile Include="Src\Shield\Shield.cpp">
      <Filter>ソース ファイル</Filter>
    </ClCompile>
    <ClCompile Include="Src\PlayerBullet\AttackRange.cpp">
      <Filter>ソース ファイル</Filter>
    </ClCompile>
    <ClCompile Include="Src\Enemy\Tank.cpp">
      <Filter>ソース ファイル</Filter>
    </ClCompile>
    <ClCompile Include="Src\EnemyBullet\TankBullet.cpp">
      <Filter>ソース ファイル</Filter>
    </ClCompile>
    <ClCompile Include="Src\enemyai\TankAI.cpp">
      <Filter>ソース ファイル</Filter>
    </ClCompile>
    <ClCompile Include="Src\BOSS\BossState.cpp">
      <Filter>ソース ファイル</Filter>
    </ClCompile>
    <ClCompile Include="Src\BOSS\Boss.cpp">
      <Filter>ソース ファイル</Filter>
    </ClCompile>
  </ItemGroup>
  <ItemGroup>
    <ClInclude Include="Src\Actor\Actor.h">
      <Filter>リソース ファイル</Filter>
    </ClInclude>
    <ClInclude Include="Src\Actor\ActorManager.h">
      <Filter>リソース ファイル</Filter>
    </ClInclude>
    <ClInclude Include="Src\Actor\AnimationMesh.h">
      <Filter>リソース ファイル</Filter>
    </ClInclude>
    <ClInclude Include="Src\Camera\Camera.h">
      <Filter>リソース ファイル</Filter>
    </ClInclude>
    <ClInclude Include="Src\Camera\CameraBirdsEye.h">
      <Filter>リソース ファイル</Filter>
    </ClInclude>
    <ClInclude Include="Src\Camera\CameraFixedPoint.h">
      <Filter>リソース ファイル</Filter>
    </ClInclude>
    <ClInclude Include="Src\Camera\CameraFPS.h">
      <Filter>リソース ファイル</Filter>
    </ClInclude>
    <ClInclude Include="Src\Camera\CameraRotateAround.h">
      <Filter>リソース ファイル</Filter>
    </ClInclude>
    <ClInclude Include="Src\Camera\CameraTPS.h">
      <Filter>リソース ファイル</Filter>
    </ClInclude>
    <ClInclude Include="Src\Collision\AttackCollider.h">
      <Filter>リソース ファイル</Filter>
    </ClInclude>
    <ClInclude Include="Src\Collision\BoundingSphere.h">
      <Filter>リソース ファイル</Filter>
    </ClInclude>
    <ClInclude Include="Src\Collision\Line.h">
      <Filter>リソース ファイル</Filter>
    </ClInclude>
    <ClInclude Include="Src\Collision\Ray.h">
      <Filter>リソース ファイル</Filter>
    </ClInclude>
    <ClInclude Include="Src\Common\Assets.h">
      <Filter>リソース ファイル</Filter>
    </ClInclude>
    <ClInclude Include="Src\Common\CSVReader.h">
      <Filter>リソース ファイル</Filter>
    </ClInclude>
    <ClInclude Include="Src\Common\NumberTexture.h">
      <Filter>リソース ファイル</Filter>
    </ClInclude>
    <ClInclude Include="Src\Field\Field.h">
      <Filter>リソース ファイル</Filter>
    </ClInclude>
    <ClInclude Include="Src\Player\Player.h">
      <Filter>リソース ファイル</Filter>
    </ClInclude>
    <ClInclude Include="Src\PlayerBullet\PlayerBullet.h">
      <Filter>リソース ファイル</Filter>
    </ClInclude>
    <ClInclude Include="Src\Rendering\Light.h">
      <Filter>リソース ファイル</Filter>
    </ClInclude>
    <ClInclude Include="Src\Scene\GamePlayScene.h">
      <Filter>リソース ファイル</Filter>
    </ClInclude>
    <ClInclude Include="Src\Scene\IScene.h">
      <Filter>リソース ファイル</Filter>
    </ClInclude>
    <ClInclude Include="Src\Scene\SceneManager.h">
      <Filter>リソース ファイル</Filter>
    </ClInclude>
    <ClInclude Include="Src\Scene\SceneNull.h">
      <Filter>リソース ファイル</Filter>
    </ClInclude>
    <ClInclude Include="Src\Scene\TitleScene.h">
      <Filter>リソース ファイル</Filter>
    </ClInclude>
    <ClInclude Include="Src\World\IWorld.h">
      <Filter>リソース ファイル</Filter>
    </ClInclude>
    <ClInclude Include="Src\World\World.h">
      <Filter>リソース ファイル</Filter>
    </ClInclude>
    <ClInclude Include="Src\Player\PlayerState.h">
      <Filter>ヘッダー ファイル</Filter>
    </ClInclude>
    <ClInclude Include="Src\Scene\Screen.h">
      <Filter>ヘッダー ファイル</Filter>
    </ClInclude>
    <ClInclude Include="Src\Collision\BasicAttackCollider.h">
      <Filter>ヘッダー ファイル</Filter>
    </ClInclude>
    <ClInclude Include="Src\PlayerBullet\BeamMagnumBullet.h">
      <Filter>ヘッダー ファイル</Filter>
    </ClInclude>
    <ClInclude Include="Src\PlayerBullet\bazookaBullet.h">
      <Filter>ヘッダー ファイル</Filter>
    </ClInclude>
    <ClInclude Include="Src\PlayerBullet\DamageRange.h">
      <Filter>ヘッダー ファイル</Filter>
    </ClInclude>
    <ClInclude Include="Src\Gun\GunControl.h">
      <Filter>ヘッダー ファイル</Filter>
    </ClInclude>
    <ClInclude Include="Src\Gun\BeamGun.h">
      <Filter>ヘッダー ファイル</Filter>
    </ClInclude>
    <ClInclude Include="Src\Gun\BeamMagnum.h">
      <Filter>ヘッダー ファイル</Filter>
    </ClInclude>
    <ClInclude Include="Src\Gun\Bazooka.h">
      <Filter>ヘッダー ファイル</Filter>
    </ClInclude>
    <ClInclude Include="Src\Shield\Shield.h">
      <Filter>ヘッダー ファイル</Filter>
    </ClInclude>
    <ClInclude Include="Src\PlayerBullet\AttackRange.h">
      <Filter>ヘッダー ファイル</Filter>
    </ClInclude>
    <ClInclude Include="Src\Enemy\Tank.h">
      <Filter>ヘッダー ファイル</Filter>
    </ClInclude>
    <ClInclude Include="Src\EnemyBullet\TankBullet.h">
      <Filter>ヘッダー ファイル</Filter>
    </ClInclude>
    <ClInclude Include="Src\EnemyAI\TankAI.h">
      <Filter>ヘッダー ファイル</Filter>
    </ClInclude>
    <ClInclude Include="Src\BOSS\BossState.h">
      <Filter>ヘッダー ファイル</Filter>
    </ClInclude>
    <ClInclude Include="Src\BOSS\Boss.h">
      <Filter>ヘッダー ファイル</Filter>
    </ClInclude>
  </ItemGroup>
</Project>